// !$*UTF8*$!
{
	archiveVersion = 1;
	classes = {
	};
	objectVersion = 50;
	objects = {

/* Begin PBXBuildFile section */
		184B919A26AEC22700EB6357 /* AppDelegate.swift in Sources */ = {isa = PBXBuildFile; fileRef = 184B919926AEC22700EB6357 /* AppDelegate.swift */; };
		184B919C26AEC22800EB6357 /* DateViewController.swift in Sources */ = {isa = PBXBuildFile; fileRef = 184B919B26AEC22800EB6357 /* DateViewController.swift */; };
		184B919F26AEC22800EB6357 /* Main.storyboard in Resources */ = {isa = PBXBuildFile; fileRef = 184B919D26AEC22800EB6357 /* Main.storyboard */; };
		184B91A126AEC22A00EB6357 /* Assets.xcassets in Resources */ = {isa = PBXBuildFile; fileRef = 184B91A026AEC22A00EB6357 /* Assets.xcassets */; };
		184B91A426AEC22A00EB6357 /* LaunchScreen.storyboard in Resources */ = {isa = PBXBuildFile; fileRef = 184B91A226AEC22A00EB6357 /* LaunchScreen.storyboard */; };
		184B91AC26AF3FD600EB6357 /* EmotionPickerViewController.swift in Sources */ = {isa = PBXBuildFile; fileRef = 184B91AB26AF3FD600EB6357 /* EmotionPickerViewController.swift */; };
		184B91CE26B20D6D00EB6357 /* MainViewController.swift in Sources */ = {isa = PBXBuildFile; fileRef = 184B91CD26B20D6D00EB6357 /* MainViewController.swift */; };
		18BDF9B126B362C8003BE05B /* EmotionList.plist in Resources */ = {isa = PBXBuildFile; fileRef = 18BDF9B026B362C7003BE05B /* EmotionList.plist */; };
/* End PBXBuildFile section */

/* Begin PBXFileReference section */
		184B919626AEC22700EB6357 /* journal.app */ = {isa = PBXFileReference; explicitFileType = wrapper.application; includeInIndex = 0; path = journal.app; sourceTree = BUILT_PRODUCTS_DIR; };
		184B919926AEC22700EB6357 /* AppDelegate.swift */ = {isa = PBXFileReference; lastKnownFileType = sourcecode.swift; path = AppDelegate.swift; sourceTree = "<group>"; };
		184B919B26AEC22800EB6357 /* DateViewController.swift */ = {isa = PBXFileReference; lastKnownFileType = sourcecode.swift; path = DateViewController.swift; sourceTree = "<group>"; };
		184B919E26AEC22800EB6357 /* Base */ = {isa = PBXFileReference; lastKnownFileType = file.storyboard; name = Base; path = Base.lproj/Main.storyboard; sourceTree = "<group>"; };
		184B91A026AEC22A00EB6357 /* Assets.xcassets */ = {isa = PBXFileReference; lastKnownFileType = folder.assetcatalog; path = Assets.xcassets; sourceTree = "<group>"; };
		184B91A326AEC22A00EB6357 /* Base */ = {isa = PBXFileReference; lastKnownFileType = file.storyboard; name = Base; path = Base.lproj/LaunchScreen.storyboard; sourceTree = "<group>"; };
		184B91A526AEC22A00EB6357 /* Info.plist */ = {isa = PBXFileReference; lastKnownFileType = text.plist.xml; path = Info.plist; sourceTree = "<group>"; };
		184B91AB26AF3FD600EB6357 /* EmotionPickerViewController.swift */ = {isa = PBXFileReference; lastKnownFileType = sourcecode.swift; path = EmotionPickerViewController.swift; sourceTree = "<group>"; };
		184B91CD26B20D6D00EB6357 /* MainViewController.swift */ = {isa = PBXFileReference; lastKnownFileType = sourcecode.swift; path = MainViewController.swift; sourceTree = "<group>"; };
		18BDF9B026B362C7003BE05B /* EmotionList.plist */ = {isa = PBXFileReference; fileEncoding = 4; lastKnownFileType = text.plist.xml; path = EmotionList.plist; sourceTree = "<group>"; };
/* End PBXFileReference section */

/* Begin PBXFrameworksBuildPhase section */
		184B919326AEC22700EB6357 /* Frameworks */ = {
			isa = PBXFrameworksBuildPhase;
			buildActionMask = 2147483647;
			files = (
			);
			runOnlyForDeploymentPostprocessing = 0;
		};
/* End PBXFrameworksBuildPhase section */

/* Begin PBXGroup section */
		184B918D26AEC22700EB6357 = {
			isa = PBXGroup;
			children = (
				184B919826AEC22700EB6357 /* journal */,
				184B919726AEC22700EB6357 /* Products */,
			);
			sourceTree = "<group>";
		};
		184B919726AEC22700EB6357 /* Products */ = {
			isa = PBXGroup;
			children = (
				184B919626AEC22700EB6357 /* journal.app */,
			);
			name = Products;
			sourceTree = "<group>";
		};
		184B919826AEC22700EB6357 /* journal */ = {
			isa = PBXGroup;
			children = (
				18BDF9B026B362C7003BE05B /* EmotionList.plist */,
				184B919926AEC22700EB6357 /* AppDelegate.swift */,
				184B919B26AEC22800EB6357 /* DateViewController.swift */,
				184B919D26AEC22800EB6357 /* Main.storyboard */,
				184B91A026AEC22A00EB6357 /* Assets.xcassets */,
				184B91A226AEC22A00EB6357 /* LaunchScreen.storyboard */,
				184B91A526AEC22A00EB6357 /* Info.plist */,
				184B91AB26AF3FD600EB6357 /* EmotionPickerViewController.swift */,
				184B91CD26B20D6D00EB6357 /* MainViewController.swift */,
			);
			path = journal;
			sourceTree = "<group>";
		};
/* End PBXGroup section */

/* Begin PBXNativeTarget section */
		184B919526AEC22700EB6357 /* journal */ = {
			isa = PBXNativeTarget;
			buildConfigurationList = 184B91A826AEC22A00EB6357 /* Build configuration list for PBXNativeTarget "journal" */;
			buildPhases = (
				184B919226AEC22700EB6357 /* Sources */,
				184B919326AEC22700EB6357 /* Frameworks */,
				184B919426AEC22700EB6357 /* Resources */,
			);
			buildRules = (
			);
			dependencies = (
			);
			name = journal;
			productName = journal;
			productReference = 184B919626AEC22700EB6357 /* journal.app */;
			productType = "com.apple.product-type.application";
		};
/* End PBXNativeTarget section */

/* Begin PBXProject section */
		184B918E26AEC22700EB6357 /* Project object */ = {
			isa = PBXProject;
			attributes = {
				LastSwiftUpdateCheck = 1030;
				LastUpgradeCheck = 1030;
				ORGANIZATIONNAME = "WONG TED LUAN";
				TargetAttributes = {
					184B919526AEC22700EB6357 = {
						CreatedOnToolsVersion = 10.3;
					};
				};
			};
			buildConfigurationList = 184B919126AEC22700EB6357 /* Build configuration list for PBXProject "journal" */;
			compatibilityVersion = "Xcode 9.3";
			developmentRegion = en;
			hasScannedForEncodings = 0;
			knownRegions = (
				en,
				Base,
			);
			mainGroup = 184B918D26AEC22700EB6357;
			productRefGroup = 184B919726AEC22700EB6357 /* Products */;
			projectDirPath = "";
			projectRoot = "";
			targets = (
				184B919526AEC22700EB6357 /* journal */,
			);
		};
/* End PBXProject section */

/* Begin PBXResourcesBuildPhase section */
		184B919426AEC22700EB6357 /* Resources */ = {
			isa = PBXResourcesBuildPhase;
			buildActionMask = 2147483647;
			files = (
				184B91A426AEC22A00EB6357 /* LaunchScreen.storyboard in Resources */,
				184B91A126AEC22A00EB6357 /* Assets.xcassets in Resources */,
				18BDF9B126B362C8003BE05B /* EmotionList.plist in Resources */,
				184B919F26AEC22800EB6357 /* Main.storyboard in Resources */,
			);
			runOnlyForDeploymentPostprocessing = 0;
		};
/* End PBXResourcesBuildPhase section */

/* Begin PBXSourcesBuildPhase section */
		184B919226AEC22700EB6357 /* Sources */ = {
			isa = PBXSourcesBuildPhase;
			buildActionMask = 2147483647;
			files = (
				184B91AC26AF3FD600EB6357 /* EmotionPickerViewController.swift in Sources */,
				184B919C26AEC22800EB6357 /* DateViewController.swift in Sources */,
				184B919A26AEC22700EB6357 /* AppDelegate.swift in Sources */,
				184B91CE26B20D6D00EB6357 /* MainViewController.swift in Sources */,
			);
			runOnlyForDeploymentPostprocessing = 0;
		};
/* End PBXSourcesBuildPhase section */

/* Begin PBXVariantGroup section */
		184B919D26AEC22800EB6357 /* Main.storyboard */ = {
			isa = PBXVariantGroup;
			children = (
				184B919E26AEC22800EB6357 /* Base */,
			);
			name = Main.storyboard;
			sourceTree = "<group>";
		};
		184B91A226AEC22A00EB6357 /* LaunchScreen.storyboard */ = {
			isa = PBXVariantGroup;
			children = (
				184B91A326AEC22A00EB6357 /* Base */,
			);
			name = LaunchScreen.storyboard;
			sourceTree = "<group>";
		};
/* End PBXVariantGroup section */

/* Begin XCBuildConfiguration section */
		184B91A626AEC22A00EB6357 /* Debug */ = {
			isa = XCBuildConfiguration;
			buildSettings = {
				ALWAYS_SEARCH_USER_PATHS = NO;
				CLANG_ANALYZER_NONNULL = YES;
				CLANG_ANALYZER_NUMBER_OBJECT_CONVERSION = YES_AGGRESSIVE;
				CLANG_CXX_LANGUAGE_STANDARD = "gnu++14";
				CLANG_CXX_LIBRARY = "libc++";
				CLANG_ENABLE_MODULES = YES;
				CLANG_ENABLE_OBJC_ARC = YES;
				CLANG_ENABLE_OBJC_WEAK = YES;
				CLANG_WARN_BLOCK_CAPTURE_AUTORELEASING = YES;
				CLANG_WARN_BOOL_CONVERSION = YES;
				CLANG_WARN_COMMA = YES;
				CLANG_WARN_CONSTANT_CONVERSION = YES;
				CLANG_WARN_DEPRECATED_OBJC_IMPLEMENTATIONS = YES;
				CLANG_WARN_DIRECT_OBJC_ISA_USAGE = YES_ERROR;
				CLANG_WARN_DOCUMENTATION_COMMENTS = YES;
				CLANG_WARN_EMPTY_BODY = YES;
				CLANG_WARN_ENUM_CONVERSION = YES;
				CLANG_WARN_INFINITE_RECURSION = YES;
				CLANG_WARN_INT_CONVERSION = YES;
				CLANG_WARN_NON_LITERAL_NULL_CONVERSION = YES;
				CLANG_WARN_OBJC_IMPLICIT_RETAIN_SELF = YES;
				CLANG_WARN_OBJC_LITERAL_CONVERSION = YES;
				CLANG_WARN_OBJC_ROOT_CLASS = YES_ERROR;
				CLANG_WARN_RANGE_LOOP_ANALYSIS = YES;
				CLANG_WARN_STRICT_PROTOTYPES = YES;
				CLANG_WARN_SUSPICIOUS_MOVE = YES;
				CLANG_WARN_UNGUARDED_AVAILABILITY = YES_AGGRESSIVE;
				CLANG_WARN_UNREACHABLE_CODE = YES;
				CLANG_WARN__DUPLICATE_METHOD_MATCH = YES;
				CODE_SIGN_IDENTITY = "iPhone Developer";
				COPY_PHASE_STRIP = NO;
				DEBUG_INFORMATION_FORMAT = dwarf;
				ENABLE_STRICT_OBJC_MSGSEND = YES;
				ENABLE_TESTABILITY = YES;
				GCC_C_LANGUAGE_STANDARD = gnu11;
				GCC_DYNAMIC_NO_PIC = NO;
				GCC_NO_COMMON_BLOCKS = YES;
				GCC_OPTIMIZATION_LEVEL = 0;
				GCC_PREPROCESSOR_DEFINITIONS = (
					"DEBUG=1",
					"$(inherited)",
				);
				GCC_WARN_64_TO_32_BIT_CONVERSION = YES;
				GCC_WARN_ABOUT_RETURN_TYPE = YES_ERROR;
				GCC_WARN_UNDECLARED_SELECTOR = YES;
				GCC_WARN_UNINITIALIZED_AUTOS = YES_AGGRESSIVE;
				GCC_WARN_UNUSED_FUNCTION = YES;
				GCC_WARN_UNUSED_VARIABLE = YES;
				IPHONEOS_DEPLOYMENT_TARGET = 12.4;
				MTL_ENABLE_DEBUG_INFO = INCLUDE_SOURCE;
				MTL_FAST_MATH = YES;
				ONLY_ACTIVE_ARCH = YES;
				SDKROOT = iphoneos;
				SWIFT_ACTIVE_COMPILATION_CONDITIONS = DEBUG;
				SWIFT_OPTIMIZATION_LEVEL = "-Onone";
			};
			name = Debug;
		};
		184B91A726AEC22A00EB6357 /* Release */ = {
			isa = XCBuildConfiguration;
			buildSettings = {
				ALWAYS_SEARCH_USER_PATHS = NO;
				CLANG_ANALYZER_NONNULL = YES;
				CLANG_ANALYZER_NUMBER_OBJECT_CONVERSION = YES_AGGRESSIVE;
				CLANG_CXX_LANGUAGE_STANDARD = "gnu++14";
				CLANG_CXX_LIBRARY = "libc++";
				CLANG_ENABLE_MODULES = YES;
				CLANG_ENABLE_OBJC_ARC = YES;
				CLANG_ENABLE_OBJC_WEAK = YES;
				CLANG_WARN_BLOCK_CAPTURE_AUTORELEASING = YES;
				CLANG_WARN_BOOL_CONVERSION = YES;
				CLANG_WARN_COMMA = YES;
				CLANG_WARN_CONSTANT_CONVERSION = YES;
				CLANG_WARN_DEPRECATED_OBJC_IMPLEMENTATIONS = YES;
				CLANG_WARN_DIRECT_OBJC_ISA_USAGE = YES_ERROR;
				CLANG_WARN_DOCUMENTATION_COMMENTS = YES;
				CLANG_WARN_EMPTY_BODY = YES;
				CLANG_WARN_ENUM_CONVERSION = YES;
				CLANG_WARN_INFINITE_RECURSION = YES;
				CLANG_WARN_INT_CONVERSION = YES;
				CLANG_WARN_NON_LITERAL_NULL_CONVERSION = YES;
				CLANG_WARN_OBJC_IMPLICIT_RETAIN_SELF = YES;
				CLANG_WARN_OBJC_LITERAL_CONVERSION = YES;
				CLANG_WARN_OBJC_ROOT_CLASS = YES_ERROR;
				CLANG_WARN_RANGE_LOOP_ANALYSIS = YES;
				CLANG_WARN_STRICT_PROTOTYPES = YES;
				CLANG_WARN_SUSPICIOUS_MOVE = YES;
				CLANG_WARN_UNGUARDED_AVAILABILITY = YES_AGGRESSIVE;
				CLANG_WARN_UNREACHABLE_CODE = YES;
				CLANG_WARN__DUPLICATE_METHOD_MATCH = YES;
				CODE_SIGN_IDENTITY = "iPhone Developer";
				COPY_PHASE_STRIP = NO;
				DEBUG_INFORMATION_FORMAT = "dwarf-with-dsym";
				ENABLE_NS_ASSERTIONS = NO;
				ENABLE_STRICT_OBJC_MSGSEND = YES;
				GCC_C_LANGUAGE_STANDARD = gnu11;
				GCC_NO_COMMON_BLOCKS = YES;
				GCC_WARN_64_TO_32_BIT_CONVERSION = YES;
				GCC_WARN_ABOUT_RETURN_TYPE = YES_ERROR;
				GCC_WARN_UNDECLARED_SELECTOR = YES;
				GCC_WARN_UNINITIALIZED_AUTOS = YES_AGGRESSIVE;
				GCC_WARN_UNUSED_FUNCTION = YES;
				GCC_WARN_UNUSED_VARIABLE = YES;
				IPHONEOS_DEPLOYMENT_TARGET = 12.4;
				MTL_ENABLE_DEBUG_INFO = NO;
				MTL_FAST_MATH = YES;
				SDKROOT = iphoneos;
				SWIFT_COMPILATION_MODE = wholemodule;
				SWIFT_OPTIMIZATION_LEVEL = "-O";
				VALIDATE_PRODUCT = YES;
			};
			name = Release;
		};
		184B91A926AEC22A00EB6357 /* Debug */ = {
			isa = XCBuildConfiguration;
			buildSettings = {
				ASSETCATALOG_COMPILER_APPICON_NAME = AppIcon;
				CODE_SIGN_STYLE = Automatic;
				INFOPLIST_FILE = journal/Info.plist;
				LD_RUNPATH_SEARCH_PATHS = (
					"$(inherited)",
					"@executable_path/Frameworks",
				);
				PRODUCT_BUNDLE_IDENTIFIER = com.journal;
				PRODUCT_NAME = "$(TARGET_NAME)";
				SWIFT_VERSION = 5.0;
				TARGETED_DEVICE_FAMILY = "1,2";
			};
			name = Debug;
		};
		184B91AA26AEC22A00EB6357 /* Release */ = {
			isa = XCBuildConfiguration;
			buildSettings = {
				ASSETCATALOG_COMPILER_APPICON_NAME = AppIcon;
				CODE_SIGN_STYLE = Automatic;
				INFOPLIST_FILE = journal/Info.plist;
				LD_RUNPATH_SEARCH_PATHS = (
					"$(inherited)",
					"@executable_path/Frameworks",
				);
				PRODUCT_BUNDLE_IDENTIFIER = com.journal;
				PRODUCT_NAME = "$(TARGET_NAME)";
				SWIFT_VERSION = 5.0;
				TARGETED_DEVICE_FAMILY = "1,2";
			};
			name = Release;
		};
/* End XCBuildConfiguration section */

/* Begin XCConfigurationList section */
		184B919126AEC22700EB6357 /* Build configuration list for PBXProject "journal" */ = {
			isa = XCConfigurationList;
			buildConfigurations = (
				184B91A626AEC22A00EB6357 /* Debug */,
				184B91A726AEC22A00EB6357 /* Release */,
			);
			defaultConfigurationIsVisible = 0;
			defaultConfigurationName = Release;
		};
		184B91A826AEC22A00EB6357 /* Build configuration list for PBXNativeTarget "journal" */ = {
			isa = XCConfigurationList;
			buildConfigurations = (
				184B91A926AEC22A00EB6357 /* Debug */,
				184B91AA26AEC22A00EB6357 /* Release */,
			);
			defaultConfigurationIsVisible = 0;
			defaultConfigurationName = Release;
		};
/* End XCConfigurationList section */
	};
	rootObject = 184B918E26AEC22700EB6357 /* Project object */;
}
